
Microsoft Visual Studio Solution File, Format Version 12.00
# Visual Studio Version 17
VisualStudioVersion = 17.13.35931.197
MinimumVisualStudioVersion = 10.0.40219.1
Project("{FAE04EC0-301F-11D3-BF4B-00C04F79EFBC}") = "01_IntroADO.NETConnectedMode", "01_IntroADO.NETConnectedMode\01_IntroADO.NETConnectedMode.csproj", "{B6FCE90E-065B-498B-A693-97886E452DC5}"
EndProject
Project("{FAE04EC0-301F-11D3-BF4B-00C04F79EFBC}") = "02_CRUD_Interface", "02_CRUD_Interface\02_CRUD_Interface.csproj", "{AFE6EF2D-21C6-47C6-9896-E2AF04EB0936}"
EndProject
Project("{FAE04EC0-301F-11D3-BF4B-00C04F79EFBC}") = "03_SQLInjectionDataAccessLayer", "03_SQLInjectionDataAccessLayer\03_SQLInjectionDataAccessLayer.csproj", "{870C84E7-8487-4D7E-9CF2-1E0ACA6EBEAD}"
EndProject
Project("{FAE04EC0-301F-11D3-BF4B-00C04F79EFBC}") = "03_DataLibrary", "03_DataLibrary\03_DataLibrary.csproj", "{9D1CA443-43E7-487D-A08A-DCBDC9F74887}"
EndProject
Project("{FAE04EC0-301F-11D3-BF4B-00C04F79EFBC}") = "03_SalesUI", "03_SalesUI\03_SalesUI.csproj", "{1A615946-400A-4A8E-8230-62044B5B29CE}"
EndProject
Global
	GlobalSection(SolutionConfigurationPlatforms) = preSolution
		Debug|Any CPU = Debug|Any CPU
		Release|Any CPU = Release|Any CPU
	EndGlobalSection
	GlobalSection(ProjectConfigurationPlatforms) = postSolution
		{B6FCE90E-065B-498B-A693-97886E452DC5}.Debug|Any CPU.ActiveCfg = Debug|Any CPU
		{B6FCE90E-065B-498B-A693-97886E452DC5}.Debug|Any CPU.Build.0 = Debug|Any CPU
		{B6FCE90E-065B-498B-A693-97886E452DC5}.Release|Any CPU.ActiveCfg = Release|Any CPU
		{B6FCE90E-065B-498B-A693-97886E452DC5}.Release|Any CPU.Build.0 = Release|Any CPU
		{AFE6EF2D-21C6-47C6-9896-E2AF04EB0936}.Debug|Any CPU.ActiveCfg = Debug|Any CPU
		{AFE6EF2D-21C6-47C6-9896-E2AF04EB0936}.Debug|Any CPU.Build.0 = Debug|Any CPU
		{AFE6EF2D-21C6-47C6-9896-E2AF04EB0936}.Release|Any CPU.ActiveCfg = Release|Any CPU
		{AFE6EF2D-21C6-47C6-9896-E2AF04EB0936}.Release|Any CPU.Build.0 = Release|Any CPU
		{870C84E7-8487-4D7E-9CF2-1E0ACA6EBEAD}.Debug|Any CPU.ActiveCfg = Debug|Any CPU
		{870C84E7-8487-4D7E-9CF2-1E0ACA6EBEAD}.Debug|Any CPU.Build.0 = Debug|Any CPU
		{870C84E7-8487-4D7E-9CF2-1E0ACA6EBEAD}.Release|Any CPU.ActiveCfg = Release|Any CPU
		{870C84E7-8487-4D7E-9CF2-1E0ACA6EBEAD}.Release|Any CPU.Build.0 = Release|Any CPU
		{9D1CA443-43E7-487D-A08A-DCBDC9F74887}.Debug|Any CPU.ActiveCfg = Debug|Any CPU
		{9D1CA443-43E7-487D-A08A-DCBDC9F74887}.Debug|Any CPU.Build.0 = Debug|Any CPU
		{9D1CA443-43E7-487D-A08A-DCBDC9F74887}.Release|Any CPU.ActiveCfg = Release|Any CPU
		{9D1CA443-43E7-487D-A08A-DCBDC9F74887}.Release|Any CPU.Build.0 = Release|Any CPU
		{1A615946-400A-4A8E-8230-62044B5B29CE}.Debug|Any CPU.ActiveCfg = Debug|Any CPU
		{1A615946-400A-4A8E-8230-62044B5B29CE}.Debug|Any CPU.Build.0 = Debug|Any CPU
		{1A615946-400A-4A8E-8230-62044B5B29CE}.Release|Any CPU.ActiveCfg = Release|Any CPU
		{1A615946-400A-4A8E-8230-62044B5B29CE}.Release|Any CPU.Build.0 = Release|Any CPU
	EndGlobalSection
	GlobalSection(SolutionProperties) = preSolution
		HideSolutionNode = FALSE
	EndGlobalSection
	GlobalSection(ExtensibilityGlobals) = postSolution
		SolutionGuid = {2E9F54EB-462E-4B9F-AF92-76A2C29EC4C4}
	EndGlobalSection
EndGlobal
