
Microsoft Visual Studio Solution File, Format Version 12.00
# Visual Studio Version 17
VisualStudioVersion = 17.13.35931.197
MinimumVisualStudioVersion = 10.0.40219.1
Project("{FAE04EC0-301F-11D3-BF4B-00C04F79EFBC}") = "01_IntroADO.NETConnectedMode", "01_IntroADO.NETConnectedMode\01_IntroADO.NETConnectedMode.csproj", "{B6FCE90E-065B-498B-A693-97886E452DC5}"
EndProject
Project("{FAE04EC0-301F-11D3-BF4B-00C04F79EFBC}") = "02_CRUD_Interface", "02_CRUD_Interface\02_CRUD_Interface.csproj", "{AFE6EF2D-21C6-47C6-9896-E2AF04EB0936}"
EndProject
Project("{FAE04EC0-301F-11D3-BF4B-00C04F79EFBC}") = "03_SQLInjectionDataAccessLayer", "03_SQLInjectionDataAccessLayer\03_SQLInjectionDataAccessLayer.csproj", "{870C84E7-8487-4D7E-9CF2-1E0ACA6EBEAD}"
EndProject
Project("{FAE04EC0-301F-11D3-BF4B-00C04F79EFBC}") = "03_DataLibrary", "03_DataLibrary\03_DataLibrary.csproj", "{9D1CA443-43E7-487D-A08A-DCBDC9F74887}"
EndProject
Project("{FAE04EC0-301F-11D3-BF4B-00C04F79EFBC}") = "03_SalesUI", "03_SalesUI\03_SalesUI.csproj", "{1A615946-400A-4A8E-8230-62044B5B29CE}"
EndProject
Project("{FAE04EC0-301F-11D3-BF4B-00C04F79EFBC}") = "04_LinqToSQL", "04_LinqToSQL\04_LinqToSQL.csproj", "{5BC21EBC-4734-406C-A771-16613ED38160}"
EndProject
Project("{FAE04EC0-301F-11D3-BF4B-00C04F79EFBC}") = "05_IntroToEntityFramework", "05_IntroToEntityFramework\05_IntroToEntityFramework.csproj", "{6F488F91-8DBE-4EC6-B56B-6163FA879BC2}"
EndProject
Project("{FAE04EC0-301F-11D3-BF4B-00C04F79EFBC}") = "06_EFMigrations", "06_EFMigrations\06_EFMigrations.csproj", "{F1740584-426F-4EE8-8E01-162948A7F000}"
EndProject
Project("{FAE04EC0-301F-11D3-BF4B-00C04F79EFBC}") = "07_EFFluentAPI", "07_EFFluentAPI\07_EFFluentAPI.csproj", "{FF852D73-34A8-47FB-8C25-3D869A705637}"
EndProject
Project("{FAE04EC0-301F-11D3-BF4B-00C04F79EFBC}") = "FinalWorkApp", "FinalWorkApp\FinalWorkApp.csproj", "{CDA38875-F1AA-4B39-A6D2-3D9223A29CC2}"
EndProject
Project("{FAE04EC0-301F-11D3-BF4B-00C04F79EFBC}") = "FinalWorkDataLibrary", "FinalWorkDataLibrary\FinalWorkDataLibrary.csproj", "{09620E69-89E3-461E-A673-128F2BDE5E46}"
EndProject
Global
	GlobalSection(SolutionConfigurationPlatforms) = preSolution
		Debug|Any CPU = Debug|Any CPU
		Release|Any CPU = Release|Any CPU
	EndGlobalSection
	GlobalSection(ProjectConfigurationPlatforms) = postSolution
		{B6FCE90E-065B-498B-A693-97886E452DC5}.Debug|Any CPU.ActiveCfg = Debug|Any CPU
		{B6FCE90E-065B-498B-A693-97886E452DC5}.Debug|Any CPU.Build.0 = Debug|Any CPU
		{B6FCE90E-065B-498B-A693-97886E452DC5}.Release|Any CPU.ActiveCfg = Release|Any CPU
		{B6FCE90E-065B-498B-A693-97886E452DC5}.Release|Any CPU.Build.0 = Release|Any CPU
		{AFE6EF2D-21C6-47C6-9896-E2AF04EB0936}.Debug|Any CPU.ActiveCfg = Debug|Any CPU
		{AFE6EF2D-21C6-47C6-9896-E2AF04EB0936}.Debug|Any CPU.Build.0 = Debug|Any CPU
		{AFE6EF2D-21C6-47C6-9896-E2AF04EB0936}.Release|Any CPU.ActiveCfg = Release|Any CPU
		{AFE6EF2D-21C6-47C6-9896-E2AF04EB0936}.Release|Any CPU.Build.0 = Release|Any CPU
		{870C84E7-8487-4D7E-9CF2-1E0ACA6EBEAD}.Debug|Any CPU.ActiveCfg = Debug|Any CPU
		{870C84E7-8487-4D7E-9CF2-1E0ACA6EBEAD}.Debug|Any CPU.Build.0 = Debug|Any CPU
		{870C84E7-8487-4D7E-9CF2-1E0ACA6EBEAD}.Release|Any CPU.ActiveCfg = Release|Any CPU
		{870C84E7-8487-4D7E-9CF2-1E0ACA6EBEAD}.Release|Any CPU.Build.0 = Release|Any CPU
		{9D1CA443-43E7-487D-A08A-DCBDC9F74887}.Debug|Any CPU.ActiveCfg = Debug|Any CPU
		{9D1CA443-43E7-487D-A08A-DCBDC9F74887}.Debug|Any CPU.Build.0 = Debug|Any CPU
		{9D1CA443-43E7-487D-A08A-DCBDC9F74887}.Release|Any CPU.ActiveCfg = Release|Any CPU
		{9D1CA443-43E7-487D-A08A-DCBDC9F74887}.Release|Any CPU.Build.0 = Release|Any CPU
		{1A615946-400A-4A8E-8230-62044B5B29CE}.Debug|Any CPU.ActiveCfg = Debug|Any CPU
		{1A615946-400A-4A8E-8230-62044B5B29CE}.Debug|Any CPU.Build.0 = Debug|Any CPU
		{1A615946-400A-4A8E-8230-62044B5B29CE}.Release|Any CPU.ActiveCfg = Release|Any CPU
		{1A615946-400A-4A8E-8230-62044B5B29CE}.Release|Any CPU.Build.0 = Release|Any CPU
		{5BC21EBC-4734-406C-A771-16613ED38160}.Debug|Any CPU.ActiveCfg = Debug|Any CPU
		{5BC21EBC-4734-406C-A771-16613ED38160}.Debug|Any CPU.Build.0 = Debug|Any CPU
		{5BC21EBC-4734-406C-A771-16613ED38160}.Release|Any CPU.ActiveCfg = Release|Any CPU
		{5BC21EBC-4734-406C-A771-16613ED38160}.Release|Any CPU.Build.0 = Release|Any CPU
		{6F488F91-8DBE-4EC6-B56B-6163FA879BC2}.Debug|Any CPU.ActiveCfg = Debug|Any CPU
		{6F488F91-8DBE-4EC6-B56B-6163FA879BC2}.Debug|Any CPU.Build.0 = Debug|Any CPU
		{6F488F91-8DBE-4EC6-B56B-6163FA879BC2}.Release|Any CPU.ActiveCfg = Release|Any CPU
		{6F488F91-8DBE-4EC6-B56B-6163FA879BC2}.Release|Any CPU.Build.0 = Release|Any CPU
		{F1740584-426F-4EE8-8E01-162948A7F000}.Debug|Any CPU.ActiveCfg = Debug|Any CPU
		{F1740584-426F-4EE8-8E01-162948A7F000}.Debug|Any CPU.Build.0 = Debug|Any CPU
		{F1740584-426F-4EE8-8E01-162948A7F000}.Release|Any CPU.ActiveCfg = Release|Any CPU
		{F1740584-426F-4EE8-8E01-162948A7F000}.Release|Any CPU.Build.0 = Release|Any CPU
		{FF852D73-34A8-47FB-8C25-3D869A705637}.Debug|Any CPU.ActiveCfg = Debug|Any CPU
		{FF852D73-34A8-47FB-8C25-3D869A705637}.Debug|Any CPU.Build.0 = Debug|Any CPU
		{FF852D73-34A8-47FB-8C25-3D869A705637}.Release|Any CPU.ActiveCfg = Release|Any CPU
		{FF852D73-34A8-47FB-8C25-3D869A705637}.Release|Any CPU.Build.0 = Release|Any CPU
		{CDA38875-F1AA-4B39-A6D2-3D9223A29CC2}.Debug|Any CPU.ActiveCfg = Debug|Any CPU
		{CDA38875-F1AA-4B39-A6D2-3D9223A29CC2}.Debug|Any CPU.Build.0 = Debug|Any CPU
		{CDA38875-F1AA-4B39-A6D2-3D9223A29CC2}.Release|Any CPU.ActiveCfg = Release|Any CPU
		{CDA38875-F1AA-4B39-A6D2-3D9223A29CC2}.Release|Any CPU.Build.0 = Release|Any CPU
		{09620E69-89E3-461E-A673-128F2BDE5E46}.Debug|Any CPU.ActiveCfg = Debug|Any CPU
		{09620E69-89E3-461E-A673-128F2BDE5E46}.Debug|Any CPU.Build.0 = Debug|Any CPU
		{09620E69-89E3-461E-A673-128F2BDE5E46}.Release|Any CPU.ActiveCfg = Release|Any CPU
		{09620E69-89E3-461E-A673-128F2BDE5E46}.Release|Any CPU.Build.0 = Release|Any CPU
	EndGlobalSection
	GlobalSection(SolutionProperties) = preSolution
		HideSolutionNode = FALSE
	EndGlobalSection
	GlobalSection(ExtensibilityGlobals) = postSolution
		SolutionGuid = {2E9F54EB-462E-4B9F-AF92-76A2C29EC4C4}
	EndGlobalSection
EndGlobal
